// !$*UTF8*$!
{
	archiveVersion = 1;
	classes = {
	};
	objectVersion = 46;
	objects = {

/* Begin PBXBuildFile section */
		5802AFED1E67BDA0008A94D7 /* main.swift in Sources */ = {isa = PBXBuildFile; fileRef = 5802AFEC1E67BDA0008A94D7 /* main.swift */; };
		5802AFF41E67BE07008A94D7 /* Shop.swift in Sources */ = {isa = PBXBuildFile; fileRef = 5802AFF31E67BE07008A94D7 /* Shop.swift */; };
/* End PBXBuildFile section */

/* Begin PBXCopyFilesBuildPhase section */
		5802AFE71E67BD9F008A94D7 /* CopyFiles */ = {
			isa = PBXCopyFilesBuildPhase;
			buildActionMask = 2147483647;
			dstPath = /usr/share/man/man1/;
			dstSubfolderSpec = 0;
			files = (
			);
			runOnlyForDeploymentPostprocessing = 1;
		};
/* End PBXCopyFilesBuildPhase section */

/* Begin PBXFileReference section */
		5802AFE91E67BDA0008A94D7 /* WhatEver */ = {isa = PBXFileReference; explicitFileType = "compiled.mach-o.executable"; includeInIndex = 0; path = WhatEver; sourceTree = BUILT_PRODUCTS_DIR; };
		5802AFEC1E67BDA0008A94D7 /* main.swift */ = {isa = PBXFileReference; lastKnownFileType = sourcecode.swift; path = main.swift; sourceTree = "<group>"; };
		5802AFF31E67BE07008A94D7 /* Shop.swift */ = {isa = PBXFileReference; fileEncoding = 4; lastKnownFileType = sourcecode.swift; path = Shop.swift; sourceTree = "<group>"; };
/* End PBXFileReference section */

/* Begin PBXFrameworksBuildPhase section */
		5802AFE61E67BD9F008A94D7 /* Frameworks */ = {
			isa = PBXFrameworksBuildPhase;
			buildActionMask = 2147483647;
			files = (
			);
			runOnlyForDeploymentPostprocessing = 0;
		};
/* End PBXFrameworksBuildPhase section */

/* Begin PBXGroup section */
		5802AFE01E67BD9F008A94D7 = {
			isa = PBXGroup;
			children = (
				5802AFEB1E67BDA0008A94D7 /* WhatEver */,
				5802AFEA1E67BDA0008A94D7 /* Products */,
			);
			sourceTree = "<group>";
		};
		5802AFEA1E67BDA0008A94D7 /* Products */ = {
			isa = PBXGroup;
			children = (
				5802AFE91E67BDA0008A94D7 /* WhatEver */,
			);
			name = Products;
			sourceTree = "<group>";
		};
		5802AFEB1E67BDA0008A94D7 /* WhatEver */ = {
			isa = PBXGroup;
			children = (
				5802AFEC1E67BDA0008A94D7 /* main.swift */,
				5802AFF31E67BE07008A94D7 /* Shop.swift */,
			);
			path = WhatEver;
			sourceTree = "<group>";
		};
/* End PBXGroup section */

/* Begin PBXNativeTarget section */
		5802AFE81E67BD9F008A94D7 /* WhatEver */ = {
			isa = PBXNativeTarget;
			buildConfigurationList = 5802AFF01E67BDA0008A94D7 /* Build configuration list for PBXNativeTarget "WhatEver" */;
			buildPhases = (
				5802AFE51E67BD9F008A94D7 /* Sources */,
				5802AFE61E67BD9F008A94D7 /* Frameworks */,
				5802AFE71E67BD9F008A94D7 /* CopyFiles */,
			);
			buildRules = (
			);
			dependencies = (
			);
			name = WhatEver;
			productName = WhatEver;
			productReference = 5802AFE91E67BDA0008A94D7 /* WhatEver */;
			productType = "com.apple.product-type.tool";
		};
/* End PBXNativeTarget section */

/* Begin PBXProject section */
		5802AFE11E67BD9F008A94D7 /* Project object */ = {
			isa = PBXProject;
			attributes = {
				LastSwiftUpdateCheck = 0820;
				LastUpgradeCheck = 0820;
				ORGANIZATIONNAME = "王富生";
				TargetAttributes = {
					5802AFE81E67BD9F008A94D7 = {
						CreatedOnToolsVersion = 8.2.1;
						DevelopmentTeam = 9M3U39WMQ7;
						ProvisioningStyle = Automatic;
					};
				};
			};
			buildConfigurationList = 5802AFE41E67BD9F008A94D7 /* Build configuration list for PBXProject "WhatEver" */;
			compatibilityVersion = "Xcode 3.2";
			developmentRegion = English;
			hasScannedForEncodings = 0;
			knownRegions = (
				en,
			);
			mainGroup = 5802AFE01E67BD9F008A94D7;
			productRefGroup = 5802AFEA1E67BDA0008A94D7 /* Products */;
			projectDirPath = "";
			projectRoot = "";
			targets = (
				5802AFE81E67BD9F008A94D7 /* WhatEver */,
			);
		};
/* End PBXProject section */

/* Begin PBXSourcesBuildPhase section */
		5802AFE51E67BD9F008A94D7 /* Sources */ = {
			isa = PBXSourcesBuildPhase;
			buildActionMask = 2147483647;
			files = (
				5802AFED1E67BDA0008A94D7 /* main.swift in Sources */,
				5802AFF41E67BE07008A94D7 /* Shop.swift in Sources */,
			);
			runOnlyForDeploymentPostprocessing = 0;
		};
/* End PBXSourcesBuildPhase section */

/* Begin XCBuildConfiguration section */
		5802AFEE1E67BDA0008A94D7 /* Debug */ = {
			isa = XCBuildConfiguration;
			buildSettings = {
				ALWAYS_SEARCH_USER_PATHS = NO;
				CLANG_ANALYZER_NONNULL = YES;
				CLANG_CXX_LANGUAGE_STANDARD = "gnu++0x";
				CLANG_CXX_LIBRARY = "libc++";
				CLANG_ENABLE_MODULES = YES;
				CLANG_ENABLE_OBJC_ARC = YES;
				CLANG_WARN_BOOL_CONVERSION = YES;
				CLANG_WARN_CONSTANT_CONVERSION = YES;
				CLANG_WARN_DIRECT_OBJC_ISA_USAGE = YES_ERROR;
				CLANG_WARN_DOCUMENTATION_COMMENTS = YES;
				CLANG_WARN_EMPTY_BODY = YES;
				CLANG_WARN_ENUM_CONVERSION = YES;
				CLANG_WARN_INFINITE_RECURSION = YES;
				CLANG_WARN_INT_CONVERSION = YES;
				CLANG_WARN_OBJC_ROOT_CLASS = YES_ERROR;
				CLANG_WARN_SUSPICIOUS_MOVE = YES;
				CLANG_WARN_UNREACHABLE_CODE = YES;
				CLANG_WARN__DUPLICATE_METHOD_MATCH = YES;
				CODE_SIGN_IDENTITY = "-";
				COPY_PHASE_STRIP = NO;
				DEBUG_INFORMATION_FORMAT = dwarf;
				ENABLE_STRICT_OBJC_MSGSEND = YES;
				ENABLE_TESTABILITY = YES;
				GCC_C_LANGUAGE_STANDARD = gnu99;
				GCC_DYNAMIC_NO_PIC = NO;
				GCC_NO_COMMON_BLOCKS = YES;
				GCC_OPTIMIZATION_LEVEL = 0;
				GCC_PREPROCESSOR_DEFINITIONS = (
					"DEBUG=1",
					"$(inherited)",
				);
				GCC_WARN_64_TO_32_BIT_CONVERSION = YES;
				GCC_WARN_ABOUT_RETURN_TYPE = YES_ERROR;
				GCC_WARN_UNDECLARED_SELECTOR = YES;
				GCC_WARN_UNINITIALIZED_AUTOS = YES_AGGRESSIVE;
				GCC_WARN_UNUSED_FUNCTION = YES;
				GCC_WARN_UNUSED_VARIABLE = YES;
				MACOSX_DEPLOYMENT_TARGET = 10.12;
				MTL_ENABLE_DEBUG_INFO = YES;
				ONLY_ACTIVE_ARCH = YES;
				SDKROOT = macosx;
				SWIFT_OPTIMIZATION_LEVEL = "-Onone";
			};
			name = Debug;
		};
		5802AFEF1E67BDA0008A94D7 /* Release */ = {
			isa = XCBuildConfiguration;
			buildSettings = {
				ALWAYS_SEARCH_USER_PATHS = NO;
				CLANG_ANALYZER_NONNULL = YES;
				CLANG_CXX_LANGUAGE_STANDARD = "gnu++0x";
				CLANG_CXX_LIBRARY = "libc++";
				CLANG_ENABLE_MODULES = YES;
				CLANG_ENABLE_OBJC_ARC = YES;
				CLANG_WARN_BOOL_CONVERSION = YES;
				CLANG_WARN_CONSTANT_CONVERSION = YES;
				CLANG_WARN_DIRECT_OBJC_ISA_USAGE = YES_ERROR;
				CLANG_WARN_DOCUMENTATION_COMMENTS = YES;
				CLANG_WARN_EMPTY_BODY = YES;
				CLANG_WARN_ENUM_CONVERSION = YES;
				CLANG_WARN_INFINITE_RECURSION = YES;
				CLANG_WARN_INT_CONVERSION = YES;
				CLANG_WARN_OBJC_ROOT_CLASS = YES_ERROR;
				CLANG_WARN_SUSPICIOUS_MOVE = YES;
				CLANG_WARN_UNREACHABLE_CODE = YES;
				CLANG_WARN__DUPLICATE_METHOD_MATCH = YES;
				CODE_SIGN_IDENTITY = "-";
				COPY_PHASE_STRIP = NO;
				DEBUG_INFORMATION_FORMAT = "dwarf-with-dsym";
				ENABLE_NS_ASSERTIONS = NO;
				ENABLE_STRICT_OBJC_MSGSEND = YES;
				GCC_C_LANGUAGE_STANDARD = gnu99;
				GCC_NO_COMMON_BLOCKS = YES;
				GCC_WARN_64_TO_32_BIT_CONVERSION = YES;
				GCC_WARN_ABOUT_RETURN_TYPE = YES_ERROR;
				GCC_WARN_UNDECLARED_SELECTOR = YES;
				GCC_WARN_UNINITIALIZED_AUTOS = YES_AGGRESSIVE;
				GCC_WARN_UNUSED_FUNCTION = YES;
				GCC_WARN_UNUSED_VARIABLE = YES;
				MACOSX_DEPLOYMENT_TARGET = 10.12;
				MTL_ENABLE_DEBUG_INFO = NO;
				SDKROOT = macosx;
			};
			name = Release;
		};
		5802AFF11E67BDA0008A94D7 /* Debug */ = {
			isa = XCBuildConfiguration;
			buildSettings = {
				DEVELOPMENT_TEAM = 9M3U39WMQ7;
				PRODUCT_NAME = "$(TARGET_NAME)";
				SWIFT_VERSION = 3.0;
			};
			name = Debug;
		};
		5802AFF21E67BDA0008A94D7 /* Release */ = {
			isa = XCBuildConfiguration;
			buildSettings = {
				DEVELOPMENT_TEAM = 9M3U39WMQ7;
				PRODUCT_NAME = "$(TARGET_NAME)";
				SWIFT_VERSION = 3.0;
			};
			name = Release;
		};
/* End XCBuildConfiguration section */

/* Begin XCConfigurationList section */
		5802AFE41E67BD9F008A94D7 /* Build configuration list for PBXProject "WhatEver" */ = {
			isa = XCConfigurationList;
			buildConfigurations = (
				5802AFEE1E67BDA0008A94D7 /* Debug */,
				5802AFEF1E67BDA0008A94D7 /* Release */,
			);
			defaultConfigurationIsVisible = 0;
			defaultConfigurationName = Release;
		};
		5802AFF01E67BDA0008A94D7 /* Build configuration list for PBXNativeTarget "WhatEver" */ = {
			isa = XCConfigurationList;
			buildConfigurations = (
				5802AFF11E67BDA0008A94D7 /* Debug */,
				5802AFF21E67BDA0008A94D7 /* Release */,
			);
			defaultConfigurationIsVisible = 0;
		};
/* End XCConfigurationList section */
	};
	rootObject = 5802AFE11E67BD9F008A94D7 /* Project object */;
}
